<?xml version="1.0"?>
<CONFIG>
  <ProjectOptions>
    <PathDelim Value="\"/>
    <Version Value="6"/>
    <General>
      <MainUnit Value="0"/>
      <IconPath Value="./"/>
      <TargetFileExt Value=".exe"/>
      <Title Value="STKed"/>
      <ActiveEditorIndexAtStart Value="5"/>
    </General>
    <VersionInfo>
      <ProjectVersion Value=""/>
    </VersionInfo>
    <PublishOptions>
      <Version Value="2"/>
      <IgnoreBinaries Value="False"/>
      <IncludeFileFilter Value="*.(pas|pp|inc|lfm|lpr|lrs|lpi|lpk|sh|xml)"/>
      <ExcludeFileFilter Value="*.(bak|ppu|ppw|o|so);*~;backup"/>
    </PublishOptions>
    <RunParams>
      <local>
        <FormatVersion Value="1"/>
        <LaunchingApplication PathPlusParams="/usr/X11R6/bin/xterm -T 'Lazarus Run Output' -e $(LazarusDir)/tools/runwait.sh $(TargetCmdLine)"/>
      </local>
    </RunParams>
    <RequiredPackages Count="1">
      <Item1>
        <PackageName Value="LCL"/>
      </Item1>
    </RequiredPackages>
    <Units Count="19">
      <Unit0>
        <Filename Value="STKed.lpr"/>
        <IsPartOfProject Value="True"/>
        <UnitName Value="STKed"/>
        <CursorPos X="54" Y="13"/>
        <TopLine Value="1"/>
        <EditorIndex Value="8"/>
        <UsageCount Value="133"/>
        <Loaded Value="True"/>
      </Unit0>
      <Unit1>
        <Filename Value="main.pas"/>
        <ComponentName Value="frm_main"/>
        <IsPartOfProject Value="True"/>
        <ResourceBaseClass Value="Form"/>
        <ResourceFilename Value="main.lrs"/>
        <UnitName Value="main"/>
        <CursorPos X="30" Y="619"/>
        <TopLine Value="600"/>
        <EditorIndex Value="2"/>
        <UsageCount Value="133"/>
        <Loaded Value="True"/>
      </Unit1>
      <Unit2>
        <Filename Value="include\agfx_definition_class.pas"/>
        <IsPartOfProject Value="True"/>
        <UnitName Value="AGFX_definition_class"/>
        <CursorPos X="60" Y="118"/>
        <TopLine Value="89"/>
        <EditorIndex Value="10"/>
        <UsageCount Value="133"/>
        <Loaded Value="True"/>
      </Unit2>
      <Unit3>
        <Filename Value="include\agfx_globals.pas"/>
        <IsPartOfProject Value="True"/>
        <UnitName Value="AGFX_GLOBALS"/>
        <CursorPos X="1" Y="9"/>
        <TopLine Value="1"/>
        <UsageCount Value="133"/>
      </Unit3>
      <Unit4>
        <Filename Value="include\agfx_types.pas"/>
        <UnitName Value="agfx_types"/>
        <CursorPos X="18" Y="85"/>
        <TopLine Value="75"/>
        <EditorIndex Value="4"/>
        <UsageCount Value="15"/>
        <Loaded Value="True"/>
      </Unit4>
      <Unit5>
        <Filename Value="include\agfx_parser.pas"/>
        <UnitName Value="AGFX_PARSER"/>
        <CursorPos X="37" Y="180"/>
        <TopLine Value="175"/>
        <UsageCount Value="13"/>
      </Unit5>
      <Unit6>
        <Filename Value="include\agfx_leveldesign_class.pas"/>
        <IsPartOfProject Value="True"/>
        <UnitName Value="agfx_leveldesign_class"/>
        <CursorPos X="16" Y="358"/>
        <TopLine Value="500"/>
        <EditorIndex Value="0"/>
        <UsageCount Value="116"/>
        <Loaded Value="True"/>
      </Unit6>
      <Unit7>
        <Filename Value="frm_new.pas"/>
        <ComponentName Value="frm_new_level"/>
        <IsPartOfProject Value="True"/>
        <ResourceBaseClass Value="Form"/>
        <ResourceFilename Value="frm_new.lrs"/>
        <UnitName Value="frm_new"/>
        <CursorPos X="1" Y="1"/>
        <TopLine Value="1"/>
        <EditorIndex Value="6"/>
        <UsageCount Value="115"/>
        <Loaded Value="True"/>
      </Unit7>
      <Unit8>
        <Filename Value="..\..\software\lazarus\lcl\extctrls.pp"/>
        <UnitName Value="ExtCtrls"/>
        <CursorPos X="11" Y="575"/>
        <TopLine Value="570"/>
        <UsageCount Value="5"/>
      </Unit8>
      <Unit9>
        <Filename Value="..\..\software\lazarus\lcl\controls.pp"/>
        <UnitName Value="Controls"/>
        <CursorPos X="3" Y="135"/>
        <TopLine Value="115"/>
        <UsageCount Value="5"/>
      </Unit9>
      <Unit10>
        <Filename Value="include\save_prj.pas"/>
        <IsPartOfProject Value="True"/>
        <UnitName Value="save_prj"/>
        <CursorPos X="11" Y="308"/>
        <TopLine Value="295"/>
        <EditorIndex Value="5"/>
        <UsageCount Value="95"/>
        <Loaded Value="True"/>
      </Unit10>
      <Unit11>
        <Filename Value="..\..\software\lazarus\lcl\forms.pp"/>
        <UnitName Value="Forms"/>
        <CursorPos X="14" Y="505"/>
        <TopLine Value="488"/>
        <UsageCount Value="8"/>
      </Unit11>
      <Unit12>
        <Filename Value="include\agfx_config.pas"/>
        <IsPartOfProject Value="True"/>
        <UnitName Value="agfx_config"/>
        <CursorPos X="12" Y="31"/>
        <TopLine Value="1"/>
        <EditorIndex Value="11"/>
        <UsageCount Value="76"/>
        <Loaded Value="True"/>
      </Unit12>
      <Unit13>
        <Filename Value="..\..\software\lazarus\fpc\2.2.1\source\rtl\objpas\classes\classesh.inc"/>
        <CursorPos X="41" Y="100"/>
        <TopLine Value="84"/>
        <UsageCount Value="9"/>
      </Unit13>
      <Unit14>
        <Filename Value="frm_eportdone_unit.pas"/>
        <ComponentName Value="frm_ExportDone"/>
        <IsPartOfProject Value="True"/>
        <ResourceBaseClass Value="Form"/>
        <ResourceFilename Value="frm_eportdone_unit.lrs"/>
        <UnitName Value="frm_EportDone_unit"/>
        <CursorPos X="20" Y="12"/>
        <TopLine Value="1"/>
        <EditorIndex Value="7"/>
        <UsageCount Value="63"/>
        <Loaded Value="True"/>
      </Unit14>
      <Unit15>
        <Filename Value="frm_exp_track_unit.pas"/>
        <ComponentName Value="frm_export_track"/>
        <IsPartOfProject Value="True"/>
        <ResourceBaseClass Value="Form"/>
        <ResourceFilename Value="frm_exp_track_unit.lrs"/>
        <UnitName Value="frm_exp_track_unit"/>
        <CursorPos X="42" Y="43"/>
        <TopLine Value="35"/>
        <EditorIndex Value="9"/>
        <UsageCount Value="63"/>
        <Loaded Value="True"/>
      </Unit15>
      <Unit16>
        <Filename Value="include\agfx_helpers.pas"/>
        <IsPartOfProject Value="True"/>
        <UnitName Value="agfx_helpers"/>
        <CursorPos X="11" Y="81"/>
        <TopLine Value="61"/>
        <EditorIndex Value="3"/>
        <UsageCount Value="32"/>
        <Loaded Value="True"/>
      </Unit16>
      <Unit17>
        <Filename Value="frm_drv_cont_unit.pas"/>
        <ComponentName Value="frm_drv_cont"/>
        <IsPartOfProject Value="True"/>
        <ResourceBaseClass Value="Form"/>
        <ResourceFilename Value="frm_drv_cont_unit.lrs"/>
        <UnitName Value="frm_drv_cont_unit"/>
        <CursorPos X="36" Y="50"/>
        <TopLine Value="13"/>
        <EditorIndex Value="1"/>
        <UsageCount Value="30"/>
        <Loaded Value="True"/>
      </Unit17>
      <Unit18>
        <Filename Value="E:\software\lazarus\fpc\2.2.1\source\rtl\objpas\sysutils\sysstrh.inc"/>
        <CursorPos X="10" Y="107"/>
        <TopLine Value="87"/>
        <UsageCount Value="10"/>
      </Unit18>
    </Units>
    <JumpHistory Count="16" HistoryIndex="15">
      <Position1>
        <Filename Value="include\agfx_leveldesign_class.pas"/>
        <Caret Line="273" Column="22" TopLine="256"/>
      </Position1>
      <Position2>
        <Filename Value="include\agfx_leveldesign_class.pas"/>
        <Caret Line="515" Column="2" TopLine="486"/>
      </Position2>
      <Position3>
        <Filename Value="include\agfx_leveldesign_class.pas"/>
        <Caret Line="203" Column="36" TopLine="190"/>
      </Position3>
      <Position4>
        <Filename Value="include\agfx_leveldesign_class.pas"/>
        <Caret Line="90" Column="41" TopLine="62"/>
      </Position4>
      <Position5>
        <Filename Value="include\agfx_leveldesign_class.pas"/>
        <Caret Line="428" Column="22" TopLine="411"/>
      </Position5>
      <Position6>
        <Filename Value="include\agfx_leveldesign_class.pas"/>
        <Caret Line="350" Column="8" TopLine="319"/>
      </Position6>
      <Position7>
        <Filename Value="include\agfx_leveldesign_class.pas"/>
        <Caret Line="533" Column="42" TopLine="501"/>
      </Position7>
      <Position8>
        <Filename Value="include\agfx_leveldesign_class.pas"/>
        <Caret Line="517" Column="31" TopLine="506"/>
      </Position8>
      <Position9>
        <Filename Value="include\save_prj.pas"/>
        <Caret Line="313" Column="26" TopLine="304"/>
      </Position9>
      <Position10>
        <Filename Value="include\save_prj.pas"/>
        <Caret Line="226" Column="20" TopLine="194"/>
      </Position10>
      <Position11>
        <Filename Value="include\save_prj.pas"/>
        <Caret Line="316" Column="19" TopLine="297"/>
      </Position11>
      <Position12>
        <Filename Value="include\save_prj.pas"/>
        <Caret Line="318" Column="125" TopLine="280"/>
      </Position12>
      <Position13>
        <Filename Value="include\save_prj.pas"/>
        <Caret Line="263" Column="12" TopLine="257"/>
      </Position13>
      <Position14>
        <Filename Value="include\save_prj.pas"/>
        <Caret Line="163" Column="12" TopLine="144"/>
      </Position14>
      <Position15>
        <Filename Value="include\agfx_leveldesign_class.pas"/>
        <Caret Line="87" Column="36" TopLine="69"/>
      </Position15>
      <Position16>
        <Filename Value="include\save_prj.pas"/>
        <Caret Line="315" Column="13" TopLine="291"/>
      </Position16>
    </JumpHistory>
  </ProjectOptions>
  <CompilerOptions>
    <Version Value="5"/>
    <PathDelim Value="\"/>
    <SearchPaths>
      <OtherUnitFiles Value="include\"/>
    </SearchPaths>
    <CodeGeneration>
      <Checks>
        <IOChecks Value="True"/>
        <RangeChecks Value="True"/>
        <OverflowChecks Value="True"/>
        <StackChecks Value="True"/>
      </Checks>
    </CodeGeneration>
    <Linking>
      <Debugging>
        <GenerateDebugInfo Value="True"/>
      </Debugging>
      <Options>
        <Win32>
          <GraphicApplication Value="True"/>
        </Win32>
      </Options>
    </Linking>
    <Other>
      <Verbosity>
        <ShoLineNum Value="True"/>
      </Verbosity>
      <CompilerPath Value="$(CompPath)"/>
    </Other>
  </CompilerOptions>
  <Debugging>
    <BreakPoints Count="1">
      <Item1>
        <Source Value="include\agfx_parser.pas"/>
        <Line Value="35"/>
      </Item1>
    </BreakPoints>
  </Debugging>
</CONFIG>
