<?xml version="1.0"?>
<CONFIG>
  <ProjectOptions>
    <PathDelim Value="\"/>
    <Version Value="6"/>
    <General>
      <MainUnit Value="0"/>
      <IconPath Value="./"/>
      <TargetFileExt Value=".exe"/>
      <Title Value="STKed"/>
      <ActiveEditorIndexAtStart Value="1"/>
    </General>
    <VersionInfo>
      <ProjectVersion Value=""/>
    </VersionInfo>
    <PublishOptions>
      <Version Value="2"/>
      <IgnoreBinaries Value="False"/>
      <IncludeFileFilter Value="*.(pas|pp|inc|lfm|lpr|lrs|lpi|lpk|sh|xml)"/>
      <ExcludeFileFilter Value="*.(bak|ppu|ppw|o|so);*~;backup"/>
    </PublishOptions>
    <RunParams>
      <local>
        <FormatVersion Value="1"/>
        <LaunchingApplication PathPlusParams="/usr/X11R6/bin/xterm -T 'Lazarus Run Output' -e $(LazarusDir)/tools/runwait.sh $(TargetCmdLine)"/>
      </local>
    </RunParams>
    <RequiredPackages Count="1">
      <Item1>
        <PackageName Value="LCL"/>
      </Item1>
    </RequiredPackages>
    <Units Count="16">
      <Unit0>
        <Filename Value="STKed.lpr"/>
        <IsPartOfProject Value="True"/>
        <UnitName Value="STKed"/>
        <CursorPos X="30" Y="16"/>
        <TopLine Value="1"/>
        <EditorIndex Value="5"/>
        <UsageCount Value="121"/>
        <Loaded Value="True"/>
      </Unit0>
      <Unit1>
        <Filename Value="main.pas"/>
        <ComponentName Value="frm_main"/>
        <IsPartOfProject Value="True"/>
        <ResourceBaseClass Value="Form"/>
        <ResourceFilename Value="main.lrs"/>
        <UnitName Value="main"/>
        <CursorPos X="49" Y="546"/>
        <TopLine Value="520"/>
        <EditorIndex Value="1"/>
        <UsageCount Value="121"/>
        <Loaded Value="True"/>
      </Unit1>
      <Unit2>
        <Filename Value="include\agfx_definition_class.pas"/>
        <IsPartOfProject Value="True"/>
        <UnitName Value="AGFX_definition_class"/>
        <CursorPos X="40" Y="101"/>
        <TopLine Value="1"/>
        <EditorIndex Value="7"/>
        <UsageCount Value="121"/>
        <Loaded Value="True"/>
      </Unit2>
      <Unit3>
        <Filename Value="include\agfx_globals.pas"/>
        <IsPartOfProject Value="True"/>
        <UnitName Value="AGFX_GLOBALS"/>
        <CursorPos X="1" Y="9"/>
        <TopLine Value="1"/>
        <UsageCount Value="121"/>
      </Unit3>
      <Unit4>
        <Filename Value="include\agfx_types.pas"/>
        <UnitName Value="agfx_types"/>
        <CursorPos X="34" Y="154"/>
        <TopLine Value="497"/>
        <UsageCount Value="13"/>
      </Unit4>
      <Unit5>
        <Filename Value="include\agfx_parser.pas"/>
        <UnitName Value="AGFX_PARSER"/>
        <CursorPos X="37" Y="180"/>
        <TopLine Value="175"/>
        <UsageCount Value="13"/>
      </Unit5>
      <Unit6>
        <Filename Value="include\agfx_leveldesign_class.pas"/>
        <IsPartOfProject Value="True"/>
        <UnitName Value="agfx_leveldesign_class"/>
        <CursorPos X="22" Y="187"/>
        <TopLine Value="177"/>
        <EditorIndex Value="0"/>
        <UsageCount Value="104"/>
        <Loaded Value="True"/>
      </Unit6>
      <Unit7>
        <Filename Value="frm_new.pas"/>
        <ComponentName Value="frm_new_level"/>
        <IsPartOfProject Value="True"/>
        <ResourceBaseClass Value="Form"/>
        <ResourceFilename Value="frm_new.lrs"/>
        <UnitName Value="frm_new"/>
        <CursorPos X="33" Y="64"/>
        <TopLine Value="77"/>
        <EditorIndex Value="3"/>
        <UsageCount Value="103"/>
        <Loaded Value="True"/>
      </Unit7>
      <Unit8>
        <Filename Value="..\..\software\lazarus\lcl\extctrls.pp"/>
        <UnitName Value="ExtCtrls"/>
        <CursorPos X="11" Y="575"/>
        <TopLine Value="570"/>
        <UsageCount Value="5"/>
      </Unit8>
      <Unit9>
        <Filename Value="..\..\software\lazarus\lcl\controls.pp"/>
        <UnitName Value="Controls"/>
        <CursorPos X="3" Y="135"/>
        <TopLine Value="115"/>
        <UsageCount Value="5"/>
      </Unit9>
      <Unit10>
        <Filename Value="include\save_prj.pas"/>
        <IsPartOfProject Value="True"/>
        <UnitName Value="save_prj"/>
        <CursorPos X="26" Y="214"/>
        <TopLine Value="201"/>
        <EditorIndex Value="2"/>
        <UsageCount Value="83"/>
        <Loaded Value="True"/>
      </Unit10>
      <Unit11>
        <Filename Value="..\..\software\lazarus\lcl\forms.pp"/>
        <UnitName Value="Forms"/>
        <CursorPos X="14" Y="505"/>
        <TopLine Value="488"/>
        <UsageCount Value="8"/>
      </Unit11>
      <Unit12>
        <Filename Value="include\agfx_config.pas"/>
        <IsPartOfProject Value="True"/>
        <UnitName Value="agfx_config"/>
        <CursorPos X="115" Y="92"/>
        <TopLine Value="72"/>
        <EditorIndex Value="8"/>
        <UsageCount Value="64"/>
        <Loaded Value="True"/>
      </Unit12>
      <Unit13>
        <Filename Value="..\..\software\lazarus\fpc\2.2.1\source\rtl\objpas\classes\classesh.inc"/>
        <CursorPos X="41" Y="100"/>
        <TopLine Value="84"/>
        <UsageCount Value="9"/>
      </Unit13>
      <Unit14>
        <Filename Value="frm_eportdone_unit.pas"/>
        <ComponentName Value="frm_ExportDone"/>
        <IsPartOfProject Value="True"/>
        <ResourceBaseClass Value="Form"/>
        <ResourceFilename Value="frm_eportdone_unit.lrs"/>
        <UnitName Value="frm_EportDone_unit"/>
        <CursorPos X="20" Y="12"/>
        <TopLine Value="1"/>
        <EditorIndex Value="4"/>
        <UsageCount Value="51"/>
        <Loaded Value="True"/>
      </Unit14>
      <Unit15>
        <Filename Value="frm_exp_track_unit.pas"/>
        <ComponentName Value="frm_export_track"/>
        <IsPartOfProject Value="True"/>
        <ResourceBaseClass Value="Form"/>
        <ResourceFilename Value="frm_exp_track_unit.lrs"/>
        <UnitName Value="frm_exp_track_unit"/>
        <CursorPos X="56" Y="7"/>
        <TopLine Value="1"/>
        <EditorIndex Value="6"/>
        <UsageCount Value="51"/>
        <Loaded Value="True"/>
      </Unit15>
    </Units>
    <JumpHistory Count="23" HistoryIndex="22">
      <Position1>
        <Filename Value="main.pas"/>
        <Caret Line="43" Column="129" TopLine="16"/>
      </Position1>
      <Position2>
        <Filename Value="main.pas"/>
        <Caret Line="68" Column="51" TopLine="56"/>
      </Position2>
      <Position3>
        <Filename Value="include\save_prj.pas"/>
        <Caret Line="78" Column="17" TopLine="78"/>
      </Position3>
      <Position4>
        <Filename Value="include\save_prj.pas"/>
        <Caret Line="1" Column="1" TopLine="1"/>
      </Position4>
      <Position5>
        <Filename Value="include\save_prj.pas"/>
        <Caret Line="126" Column="27" TopLine="107"/>
      </Position5>
      <Position6>
        <Filename Value="main.pas"/>
        <Caret Line="542" Column="51" TopLine="522"/>
      </Position6>
      <Position7>
        <Filename Value="main.pas"/>
        <Caret Line="524" Column="30" TopLine="522"/>
      </Position7>
      <Position8>
        <Filename Value="main.pas"/>
        <Caret Line="77" Column="1" TopLine="155"/>
      </Position8>
      <Position9>
        <Filename Value="main.pas"/>
        <Caret Line="525" Column="24" TopLine="522"/>
      </Position9>
      <Position10>
        <Filename Value="main.pas"/>
        <Caret Line="516" Column="23" TopLine="506"/>
      </Position10>
      <Position11>
        <Filename Value="main.pas"/>
        <Caret Line="104" Column="50" TopLine="103"/>
      </Position11>
      <Position12>
        <Filename Value="main.pas"/>
        <Caret Line="413" Column="52" TopLine="411"/>
      </Position12>
      <Position13>
        <Filename Value="main.pas"/>
        <Caret Line="532" Column="3" TopLine="513"/>
      </Position13>
      <Position14>
        <Filename Value="main.pas"/>
        <Caret Line="527" Column="21" TopLine="497"/>
      </Position14>
      <Position15>
        <Filename Value="main.pas"/>
        <Caret Line="530" Column="3" TopLine="528"/>
      </Position15>
      <Position16>
        <Filename Value="main.pas"/>
        <Caret Line="414" Column="24" TopLine="411"/>
      </Position16>
      <Position17>
        <Filename Value="main.pas"/>
        <Caret Line="407" Column="37" TopLine="395"/>
      </Position17>
      <Position18>
        <Filename Value="main.pas"/>
        <Caret Line="516" Column="21" TopLine="511"/>
      </Position18>
      <Position19>
        <Filename Value="main.pas"/>
        <Caret Line="515" Column="40" TopLine="496"/>
      </Position19>
      <Position20>
        <Filename Value="main.pas"/>
        <Caret Line="512" Column="19" TopLine="498"/>
      </Position20>
      <Position21>
        <Filename Value="main.pas"/>
        <Caret Line="35" Column="47" TopLine="1"/>
      </Position21>
      <Position22>
        <Filename Value="main.pas"/>
        <Caret Line="501" Column="13" TopLine="499"/>
      </Position22>
      <Position23>
        <Filename Value="main.pas"/>
        <Caret Line="10" Column="17" TopLine="1"/>
      </Position23>
    </JumpHistory>
  </ProjectOptions>
  <CompilerOptions>
    <Version Value="5"/>
    <PathDelim Value="\"/>
    <SearchPaths>
      <OtherUnitFiles Value="include\"/>
    </SearchPaths>
    <CodeGeneration>
      <Checks>
        <IOChecks Value="True"/>
        <RangeChecks Value="True"/>
        <OverflowChecks Value="True"/>
        <StackChecks Value="True"/>
      </Checks>
    </CodeGeneration>
    <Linking>
      <Debugging>
        <GenerateDebugInfo Value="True"/>
      </Debugging>
      <Options>
        <Win32>
          <GraphicApplication Value="True"/>
        </Win32>
      </Options>
    </Linking>
    <Other>
      <Verbosity>
        <ShoLineNum Value="True"/>
      </Verbosity>
      <CompilerPath Value="$(CompPath)"/>
    </Other>
  </CompilerOptions>
  <Debugging>
    <BreakPoints Count="1">
      <Item1>
        <Source Value="include\agfx_parser.pas"/>
        <Line Value="35"/>
      </Item1>
    </BreakPoints>
  </Debugging>
</CONFIG>
